
Microsoft Visual Studio Solution File, Format Version 11.00
# Visual Studio 2010
Project("{FAE04EC0-301F-11D3-BF4B-00C04F79EFBC}") = "Task1", "Task1\Task1.csproj", "{EAE0F1FF-8238-4CCF-B121-8B7DCB95ED71}"
EndProject
Project("{FAE04EC0-301F-11D3-BF4B-00C04F79EFBC}") = "Task2", "Task2\Task2.csproj", "{D426881B-507D-4829-A0AB-BC7C7D04C9A2}"
EndProject
Project("{FAE04EC0-301F-11D3-BF4B-00C04F79EFBC}") = "Task3", "Task3\Task3.csproj", "{07FB0496-89FA-4191-8573-670CCD72A97C}"
EndProject
Project("{FAE04EC0-301F-11D3-BF4B-00C04F79EFBC}") = "Task4", "Task4\Task4.csproj", "{1BD67000-1502-485B-8973-14B7409D4403}"
EndProject
Project("{FAE04EC0-301F-11D3-BF4B-00C04F79EFBC}") = "Task5", "Task5\Task5.csproj", "{92EC7181-8EF3-443C-9090-E9B6EA695F29}"
EndProject
Global
	GlobalSection(SolutionConfigurationPlatforms) = preSolution
		Debug|x86 = Debug|x86
		Release|x86 = Release|x86
	EndGlobalSection
	GlobalSection(ProjectConfigurationPlatforms) = postSolution
		{EAE0F1FF-8238-4CCF-B121-8B7DCB95ED71}.Debug|x86.ActiveCfg = Debug|x86
		{EAE0F1FF-8238-4CCF-B121-8B7DCB95ED71}.Debug|x86.Build.0 = Debug|x86
		{EAE0F1FF-8238-4CCF-B121-8B7DCB95ED71}.Release|x86.ActiveCfg = Release|x86
		{EAE0F1FF-8238-4CCF-B121-8B7DCB95ED71}.Release|x86.Build.0 = Release|x86
		{D426881B-507D-4829-A0AB-BC7C7D04C9A2}.Debug|x86.ActiveCfg = Debug|x86
		{D426881B-507D-4829-A0AB-BC7C7D04C9A2}.Debug|x86.Build.0 = Debug|x86
		{D426881B-507D-4829-A0AB-BC7C7D04C9A2}.Release|x86.ActiveCfg = Release|x86
		{D426881B-507D-4829-A0AB-BC7C7D04C9A2}.Release|x86.Build.0 = Release|x86
		{07FB0496-89FA-4191-8573-670CCD72A97C}.Debug|x86.ActiveCfg = Debug|x86
		{07FB0496-89FA-4191-8573-670CCD72A97C}.Debug|x86.Build.0 = Debug|x86
		{07FB0496-89FA-4191-8573-670CCD72A97C}.Release|x86.ActiveCfg = Release|x86
		{07FB0496-89FA-4191-8573-670CCD72A97C}.Release|x86.Build.0 = Release|x86
		{1BD67000-1502-485B-8973-14B7409D4403}.Debug|x86.ActiveCfg = Debug|x86
		{1BD67000-1502-485B-8973-14B7409D4403}.Debug|x86.Build.0 = Debug|x86
		{1BD67000-1502-485B-8973-14B7409D4403}.Release|x86.ActiveCfg = Release|x86
		{1BD67000-1502-485B-8973-14B7409D4403}.Release|x86.Build.0 = Release|x86
		{92EC7181-8EF3-443C-9090-E9B6EA695F29}.Debug|x86.ActiveCfg = Debug|x86
		{92EC7181-8EF3-443C-9090-E9B6EA695F29}.Debug|x86.Build.0 = Debug|x86
		{92EC7181-8EF3-443C-9090-E9B6EA695F29}.Release|x86.ActiveCfg = Release|x86
		{92EC7181-8EF3-443C-9090-E9B6EA695F29}.Release|x86.Build.0 = Release|x86
	EndGlobalSection
	GlobalSection(SolutionProperties) = preSolution
		HideSolutionNode = FALSE
	EndGlobalSection
EndGlobal
